
Microsoft Visual Studio Solution File, Format Version 12.00
# Visual Studio Version 17
VisualStudioVersion = 17.0.31903.59
MinimumVisualStudioVersion = 10.0.40219.1
Project("{2150E333-8FDC-42A3-9474-1A3956D46DE8}") = "src", "src", "{AFB8E658-2D43-481E-AD38-85E62B360BC4}"
EndProject
Project("{2150E333-8FDC-42A3-9474-1A3956D46DE8}") = "tests", "tests", "{698177DD-0738-421B-A87D-4460E236FB3E}"
EndProject
Project("{9A19103F-16F7-4668-BE54-9A1E7A4F7556}") = "EnglishNote.Domain.UnitTests", "tests\EnglishNote.Domain.Unittests\EnglishNote.Domain.UnitTests.csproj", "{979A2B4E-9D6D-48C5-B073-3FBA33A8E7A9}"
EndProject
Project("{E53339B2-1760-4266-BCC7-CA923CBCF16C}") = "docker-compose", "src\Deployments\compose\docker-compose.dcproj", "{236D15D2-BE21-477A-8DBB-29F555C46982}"
EndProject
Project("{2150E333-8FDC-42A3-9474-1A3956D46DE8}") = "Solution Items", "Solution Items", "{9531F123-809C-406A-97B3-DDC3B1150896}"
	ProjectSection(SolutionItems) = preProject
		Directory.Build.props = Directory.Build.props
		Directory.Packages.props = Directory.Packages.props
	EndProjectSection
EndProject
Project("{2150E333-8FDC-42A3-9474-1A3956D46DE8}") = "Infrastructure", "Infrastructure", "{178E6B7F-F058-4C22-85E9-D0787622C880}"
EndProject
Project("{2150E333-8FDC-42A3-9474-1A3956D46DE8}") = "Core", "Core", "{7D64A939-6BB2-47BB-847E-DF0FE7B31ECA}"
EndProject
Project("{2150E333-8FDC-42A3-9474-1A3956D46DE8}") = "Host", "Host", "{A5DA0929-70A9-4D79-B301-82E47DE4B5D2}"
EndProject
Project("{FAE04EC0-301F-11D3-BF4B-00C04F79EFBC}") = "EnglishNote.Api", "src\Host\EnglishNote.Api\EnglishNote.Api.csproj", "{A83C8141-FEF2-4C86-A48A-6B8254C152A2}"
EndProject
Project("{FAE04EC0-301F-11D3-BF4B-00C04F79EFBC}") = "EnglishNote.Presentation", "src\Host\EnglishNote.Presentation\EnglishNote.Presentation.csproj", "{384AB847-1F74-42F0-B764-194A95EBCC16}"
EndProject
Project("{FAE04EC0-301F-11D3-BF4B-00C04F79EFBC}") = "EnglishNote.Application", "src\Core\EnglishNote.Application\EnglishNote.Application.csproj", "{78BC26D2-E95F-4EEF-88BA-8CB0DD787D1A}"
EndProject
Project("{FAE04EC0-301F-11D3-BF4B-00C04F79EFBC}") = "EnglishNote.Domain", "src\Core\EnglishNote.Domain\EnglishNote.Domain.csproj", "{7F21DEAE-6924-4935-A529-67D6D929583B}"
EndProject
Project("{FAE04EC0-301F-11D3-BF4B-00C04F79EFBC}") = "EnglishNote.Infrastructure.Persistence", "src\Infrastructure\EnglishNote.Infrastructure.Persistence\EnglishNote.Infrastructure.Persistence.csproj", "{25D9358F-EDDA-4417-9323-D16B6858E698}"
EndProject
Project("{2150E333-8FDC-42A3-9474-1A3956D46DE8}") = "Shared", "Shared", "{E7A8ABA0-0C97-4031-8FD1-1A9097BC460A}"
EndProject
Project("{FAE04EC0-301F-11D3-BF4B-00C04F79EFBC}") = "EnglishNote.Infrastructure", "src\Infrastructure\EnglishNote.Infrastructure\EnglishNote.Infrastructure.csproj", "{7133BA9C-0485-4A17-A2D1-861C915D2F22}"
EndProject
Project("{FAE04EC0-301F-11D3-BF4B-00C04F79EFBC}") = "Shared", "src\Shared\Shared\Shared.csproj", "{F09939CC-2AD6-4334-B5E0-1DE33D6F4ECF}"
EndProject
Project("{2150E333-8FDC-42A3-9474-1A3956D46DE8}") = "Modules", "Modules", "{A3ADE26B-42AD-4E71-AD17-D78F40256592}"
EndProject
Project("{FAE04EC0-301F-11D3-BF4B-00C04F79EFBC}") = "EmailService", "src\Modules\EmailService\EmailService.csproj", "{B2A455E8-5845-4DF6-B8F5-27FC3DAA40A2}"
EndProject
Global
	GlobalSection(SolutionConfigurationPlatforms) = preSolution
		Debug|Any CPU = Debug|Any CPU
		Release|Any CPU = Release|Any CPU
	EndGlobalSection
	GlobalSection(ProjectConfigurationPlatforms) = postSolution
		{979A2B4E-9D6D-48C5-B073-3FBA33A8E7A9}.Debug|Any CPU.ActiveCfg = Debug|Any CPU
		{979A2B4E-9D6D-48C5-B073-3FBA33A8E7A9}.Debug|Any CPU.Build.0 = Debug|Any CPU
		{979A2B4E-9D6D-48C5-B073-3FBA33A8E7A9}.Release|Any CPU.ActiveCfg = Release|Any CPU
		{979A2B4E-9D6D-48C5-B073-3FBA33A8E7A9}.Release|Any CPU.Build.0 = Release|Any CPU
		{236D15D2-BE21-477A-8DBB-29F555C46982}.Debug|Any CPU.ActiveCfg = Debug|Any CPU
		{236D15D2-BE21-477A-8DBB-29F555C46982}.Debug|Any CPU.Build.0 = Debug|Any CPU
		{236D15D2-BE21-477A-8DBB-29F555C46982}.Release|Any CPU.ActiveCfg = Release|Any CPU
		{236D15D2-BE21-477A-8DBB-29F555C46982}.Release|Any CPU.Build.0 = Release|Any CPU
		{A83C8141-FEF2-4C86-A48A-6B8254C152A2}.Debug|Any CPU.ActiveCfg = Debug|Any CPU
		{A83C8141-FEF2-4C86-A48A-6B8254C152A2}.Debug|Any CPU.Build.0 = Debug|Any CPU
		{A83C8141-FEF2-4C86-A48A-6B8254C152A2}.Release|Any CPU.ActiveCfg = Release|Any CPU
		{A83C8141-FEF2-4C86-A48A-6B8254C152A2}.Release|Any CPU.Build.0 = Release|Any CPU
		{384AB847-1F74-42F0-B764-194A95EBCC16}.Debug|Any CPU.ActiveCfg = Debug|Any CPU
		{384AB847-1F74-42F0-B764-194A95EBCC16}.Debug|Any CPU.Build.0 = Debug|Any CPU
		{384AB847-1F74-42F0-B764-194A95EBCC16}.Release|Any CPU.ActiveCfg = Release|Any CPU
		{384AB847-1F74-42F0-B764-194A95EBCC16}.Release|Any CPU.Build.0 = Release|Any CPU
		{78BC26D2-E95F-4EEF-88BA-8CB0DD787D1A}.Debug|Any CPU.ActiveCfg = Debug|Any CPU
		{78BC26D2-E95F-4EEF-88BA-8CB0DD787D1A}.Debug|Any CPU.Build.0 = Debug|Any CPU
		{78BC26D2-E95F-4EEF-88BA-8CB0DD787D1A}.Release|Any CPU.ActiveCfg = Release|Any CPU
		{78BC26D2-E95F-4EEF-88BA-8CB0DD787D1A}.Release|Any CPU.Build.0 = Release|Any CPU
		{7F21DEAE-6924-4935-A529-67D6D929583B}.Debug|Any CPU.ActiveCfg = Debug|Any CPU
		{7F21DEAE-6924-4935-A529-67D6D929583B}.Debug|Any CPU.Build.0 = Debug|Any CPU
		{7F21DEAE-6924-4935-A529-67D6D929583B}.Release|Any CPU.ActiveCfg = Release|Any CPU
		{7F21DEAE-6924-4935-A529-67D6D929583B}.Release|Any CPU.Build.0 = Release|Any CPU
		{25D9358F-EDDA-4417-9323-D16B6858E698}.Debug|Any CPU.ActiveCfg = Debug|Any CPU
		{25D9358F-EDDA-4417-9323-D16B6858E698}.Debug|Any CPU.Build.0 = Debug|Any CPU
		{25D9358F-EDDA-4417-9323-D16B6858E698}.Release|Any CPU.ActiveCfg = Release|Any CPU
		{25D9358F-EDDA-4417-9323-D16B6858E698}.Release|Any CPU.Build.0 = Release|Any CPU
		{7133BA9C-0485-4A17-A2D1-861C915D2F22}.Debug|Any CPU.ActiveCfg = Debug|Any CPU
		{7133BA9C-0485-4A17-A2D1-861C915D2F22}.Debug|Any CPU.Build.0 = Debug|Any CPU
		{7133BA9C-0485-4A17-A2D1-861C915D2F22}.Release|Any CPU.ActiveCfg = Release|Any CPU
		{7133BA9C-0485-4A17-A2D1-861C915D2F22}.Release|Any CPU.Build.0 = Release|Any CPU
		{F09939CC-2AD6-4334-B5E0-1DE33D6F4ECF}.Debug|Any CPU.ActiveCfg = Debug|Any CPU
		{F09939CC-2AD6-4334-B5E0-1DE33D6F4ECF}.Debug|Any CPU.Build.0 = Debug|Any CPU
		{F09939CC-2AD6-4334-B5E0-1DE33D6F4ECF}.Release|Any CPU.ActiveCfg = Release|Any CPU
		{F09939CC-2AD6-4334-B5E0-1DE33D6F4ECF}.Release|Any CPU.Build.0 = Release|Any CPU
		{B2A455E8-5845-4DF6-B8F5-27FC3DAA40A2}.Debug|Any CPU.ActiveCfg = Debug|Any CPU
		{B2A455E8-5845-4DF6-B8F5-27FC3DAA40A2}.Debug|Any CPU.Build.0 = Debug|Any CPU
		{B2A455E8-5845-4DF6-B8F5-27FC3DAA40A2}.Release|Any CPU.ActiveCfg = Release|Any CPU
		{B2A455E8-5845-4DF6-B8F5-27FC3DAA40A2}.Release|Any CPU.Build.0 = Release|Any CPU
	EndGlobalSection
	GlobalSection(SolutionProperties) = preSolution
		HideSolutionNode = FALSE
	EndGlobalSection
	GlobalSection(NestedProjects) = preSolution
		{979A2B4E-9D6D-48C5-B073-3FBA33A8E7A9} = {698177DD-0738-421B-A87D-4460E236FB3E}
		{236D15D2-BE21-477A-8DBB-29F555C46982} = {AFB8E658-2D43-481E-AD38-85E62B360BC4}
		{178E6B7F-F058-4C22-85E9-D0787622C880} = {AFB8E658-2D43-481E-AD38-85E62B360BC4}
		{7D64A939-6BB2-47BB-847E-DF0FE7B31ECA} = {AFB8E658-2D43-481E-AD38-85E62B360BC4}
		{A5DA0929-70A9-4D79-B301-82E47DE4B5D2} = {AFB8E658-2D43-481E-AD38-85E62B360BC4}
		{A83C8141-FEF2-4C86-A48A-6B8254C152A2} = {A5DA0929-70A9-4D79-B301-82E47DE4B5D2}
		{384AB847-1F74-42F0-B764-194A95EBCC16} = {A5DA0929-70A9-4D79-B301-82E47DE4B5D2}
		{78BC26D2-E95F-4EEF-88BA-8CB0DD787D1A} = {7D64A939-6BB2-47BB-847E-DF0FE7B31ECA}
		{7F21DEAE-6924-4935-A529-67D6D929583B} = {7D64A939-6BB2-47BB-847E-DF0FE7B31ECA}
		{25D9358F-EDDA-4417-9323-D16B6858E698} = {178E6B7F-F058-4C22-85E9-D0787622C880}
		{E7A8ABA0-0C97-4031-8FD1-1A9097BC460A} = {AFB8E658-2D43-481E-AD38-85E62B360BC4}
		{7133BA9C-0485-4A17-A2D1-861C915D2F22} = {178E6B7F-F058-4C22-85E9-D0787622C880}
		{F09939CC-2AD6-4334-B5E0-1DE33D6F4ECF} = {E7A8ABA0-0C97-4031-8FD1-1A9097BC460A}
		{A3ADE26B-42AD-4E71-AD17-D78F40256592} = {AFB8E658-2D43-481E-AD38-85E62B360BC4}
		{B2A455E8-5845-4DF6-B8F5-27FC3DAA40A2} = {A3ADE26B-42AD-4E71-AD17-D78F40256592}
	EndGlobalSection
	GlobalSection(ExtensibilityGlobals) = postSolution
		SolutionGuid = {4F6179E1-F926-4B67-B0ED-B0E9F61E668E}
	EndGlobalSection
EndGlobal
